
Microsoft Visual Studio Solution File, Format Version 12.00
# Visual Studio Version 17
VisualStudioVersion = 17.7.34031.279
MinimumVisualStudioVersion = 10.0.40219.1
Project("{FAE04EC0-301F-11D3-BF4B-00C04F79EFBC}") = "MiddlewareExample", "MiddlewareExample\MiddlewareExample.csproj", "{37B20CDD-38DA-45E9-83C1-F728C706FB15}"
EndProject
Global
	GlobalSection(SolutionConfigurationPlatforms) = preSolution
		Debug|Any CPU = Debug|Any CPU
		Release|Any CPU = Release|Any CPU
	EndGlobalSection
	GlobalSection(ProjectConfigurationPlatforms) = postSolution
		{37B20CDD-38DA-45E9-83C1-F728C706FB15}.Debug|Any CPU.ActiveCfg = Debug|Any CPU
		{37B20CDD-38DA-45E9-83C1-F728C706FB15}.Debug|Any CPU.Build.0 = Debug|Any CPU
		{37B20CDD-38DA-45E9-83C1-F728C706FB15}.Release|Any CPU.ActiveCfg = Release|Any CPU
		{37B20CDD-38DA-45E9-83C1-F728C706FB15}.Release|Any CPU.Build.0 = Release|Any CPU
	EndGlobalSection
	GlobalSection(SolutionProperties) = preSolution
		HideSolutionNode = FALSE
	EndGlobalSection
	GlobalSection(ExtensibilityGlobals) = postSolution
		SolutionGuid = {06C17FD4-79FD-44B4-9032-D6247F84B7FD}
	EndGlobalSection
EndGlobal
