
Microsoft Visual Studio Solution File, Format Version 12.00
# Visual Studio Version 16
VisualStudioVersion = 25.0.1706.7
MinimumVisualStudioVersion = 10.0.40219.1
Project("{FAE04EC0-301F-11D3-BF4B-00C04F79EFBC}") = "IDExample", "IDExample\IDExample.csproj", "{BF6E3CE1-5358-4874-BDDE-66462F8F7A48}"
EndProject
Project("{FAE04EC0-301F-11D3-BF4B-00C04F79EFBC}") = "Services", "Services\Services.csproj", "{9E1BD062-3372-4FCF-8D93-D59DECCD12BA}"
EndProject
Global
	GlobalSection(SolutionConfigurationPlatforms) = preSolution
		Debug|Any CPU = Debug|Any CPU
		Release|Any CPU = Release|Any CPU
	EndGlobalSection
	GlobalSection(ProjectConfigurationPlatforms) = postSolution
		{BF6E3CE1-5358-4874-BDDE-66462F8F7A48}.Debug|Any CPU.ActiveCfg = Debug|Any CPU
		{BF6E3CE1-5358-4874-BDDE-66462F8F7A48}.Debug|Any CPU.Build.0 = Debug|Any CPU
		{BF6E3CE1-5358-4874-BDDE-66462F8F7A48}.Release|Any CPU.ActiveCfg = Release|Any CPU
		{BF6E3CE1-5358-4874-BDDE-66462F8F7A48}.Release|Any CPU.Build.0 = Release|Any CPU
		{9E1BD062-3372-4FCF-8D93-D59DECCD12BA}.Debug|Any CPU.ActiveCfg = Debug|Any CPU
		{9E1BD062-3372-4FCF-8D93-D59DECCD12BA}.Debug|Any CPU.Build.0 = Debug|Any CPU
		{9E1BD062-3372-4FCF-8D93-D59DECCD12BA}.Release|Any CPU.ActiveCfg = Release|Any CPU
		{9E1BD062-3372-4FCF-8D93-D59DECCD12BA}.Release|Any CPU.Build.0 = Release|Any CPU
	EndGlobalSection
	GlobalSection(SolutionProperties) = preSolution
		HideSolutionNode = FALSE
	EndGlobalSection
	GlobalSection(ExtensibilityGlobals) = postSolution
		SolutionGuid = {66DB6C7B-A43B-4EF4-BFEA-3C6C9EABFD0B}
	EndGlobalSection
EndGlobal
