
Microsoft Visual Studio Solution File, Format Version 12.00
# Visual Studio Version 17
VisualStudioVersion = 17.7.34031.279
MinimumVisualStudioVersion = 10.0.40219.1
Project("{FAE04EC0-301F-11D3-BF4B-00C04F79EFBC}") = "RoutingExample", "RoutingExample\RoutingExample.csproj", "{5A623D4C-327F-4069-B5F7-AE81106256C7}"
EndProject
Global
	GlobalSection(SolutionConfigurationPlatforms) = preSolution
		Debug|Any CPU = Debug|Any CPU
		Release|Any CPU = Release|Any CPU
	EndGlobalSection
	GlobalSection(ProjectConfigurationPlatforms) = postSolution
		{5A623D4C-327F-4069-B5F7-AE81106256C7}.Debug|Any CPU.ActiveCfg = Debug|Any CPU
		{5A623D4C-327F-4069-B5F7-AE81106256C7}.Debug|Any CPU.Build.0 = Debug|Any CPU
		{5A623D4C-327F-4069-B5F7-AE81106256C7}.Release|Any CPU.ActiveCfg = Release|Any CPU
		{5A623D4C-327F-4069-B5F7-AE81106256C7}.Release|Any CPU.Build.0 = Release|Any CPU
	EndGlobalSection
	GlobalSection(SolutionProperties) = preSolution
		HideSolutionNode = FALSE
	EndGlobalSection
	GlobalSection(ExtensibilityGlobals) = postSolution
		SolutionGuid = {35161FCD-A334-45D8-8BD2-C71D87BC399C}
	EndGlobalSection
EndGlobal
